
Microsoft Visual Studio Solution File, Format Version 12.00
# Visual Studio 2013
VisualStudioVersion = 12.0.31101.0
MinimumVisualStudioVersion = 10.0.40219.1
Project("{FAE04EC0-301F-11D3-BF4B-00C04F79EFBC}") = "CorrelationDimensionCalculator", "CorrelationDimensionCalculator\CorrelationDimensionCalculator.csproj", "{EB315BFD-85C1-4B3D-8CE6-17A3B2065142}"
EndProject
Project("{2150E333-8FDC-42A3-9474-1A3956D46DE8}") = "Solution Items", "Solution Items", "{D9A987A6-C258-425A-B92B-295360A267C5}"
EndProject
Global
	GlobalSection(SolutionConfigurationPlatforms) = preSolution
		Debug|Any CPU = Debug|Any CPU
		Release|Any CPU = Release|Any CPU
	EndGlobalSection
	GlobalSection(ProjectConfigurationPlatforms) = postSolution
		{EB315BFD-85C1-4B3D-8CE6-17A3B2065142}.Debug|Any CPU.ActiveCfg = Debug|Any CPU
		{EB315BFD-85C1-4B3D-8CE6-17A3B2065142}.Debug|Any CPU.Build.0 = Debug|Any CPU
		{EB315BFD-85C1-4B3D-8CE6-17A3B2065142}.Release|Any CPU.ActiveCfg = Release|Any CPU
		{EB315BFD-85C1-4B3D-8CE6-17A3B2065142}.Release|Any CPU.Build.0 = Release|Any CPU
	EndGlobalSection
	GlobalSection(SolutionProperties) = preSolution
		HideSolutionNode = FALSE
	EndGlobalSection
EndGlobal
